
Microsoft Visual Studio Solution File, Format Version 12.00
# Visual Studio Version 16
VisualStudioVersion = 16.0.32929.386
MinimumVisualStudioVersion = 10.0.40219.1
Project("{FAE04EC0-301F-11D3-BF4B-00C04F79EFBC}") = "Ping", "Ping\Ping.csproj", "{01890F2B-9218-4335-A662-2D9622F76706}"
EndProject
Global
	GlobalSection(SolutionConfigurationPlatforms) = preSolution
		Debug|Any CPU = Debug|Any CPU
		Release|Any CPU = Release|Any CPU
	EndGlobalSection
	GlobalSection(ProjectConfigurationPlatforms) = postSolution
		{01890F2B-9218-4335-A662-2D9622F76706}.Debug|Any CPU.ActiveCfg = Debug|Any CPU
		{01890F2B-9218-4335-A662-2D9622F76706}.Debug|Any CPU.Build.0 = Debug|Any CPU
		{01890F2B-9218-4335-A662-2D9622F76706}.Release|Any CPU.ActiveCfg = Release|Any CPU
		{01890F2B-9218-4335-A662-2D9622F76706}.Release|Any CPU.Build.0 = Release|Any CPU
	EndGlobalSection
	GlobalSection(SolutionProperties) = preSolution
		HideSolutionNode = FALSE
	EndGlobalSection
	GlobalSection(ExtensibilityGlobals) = postSolution
		SolutionGuid = {0D3EF281-8FA5-4C77-BFD9-1743DF3DFF83}
	EndGlobalSection
EndGlobal
